
Microsoft Visual Studio Solution File, Format Version 12.00
# Visual Studio 15
Project("{FAE04EC0-301F-11D3-BF4B-00C04F79EFBC}") = "ToDoList", "ToDoList\ToDoList.csproj", "{0745E030-0EC1-4DC7-B571-5D8ED2A77747}"
EndProject
Global
	GlobalSection(SolutionConfigurationPlatforms) = preSolution
		Debug|Any CPU = Debug|Any CPU
		Release|Any CPU = Release|Any CPU
	EndGlobalSection
	GlobalSection(ProjectConfigurationPlatforms) = postSolution
		{0745E030-0EC1-4DC7-B571-5D8ED2A77747}.Debug|Any CPU.ActiveCfg = Debug|Any CPU
		{0745E030-0EC1-4DC7-B571-5D8ED2A77747}.Debug|Any CPU.Build.0 = Debug|Any CPU
		{0745E030-0EC1-4DC7-B571-5D8ED2A77747}.Release|Any CPU.ActiveCfg = Release|Any CPU
		{0745E030-0EC1-4DC7-B571-5D8ED2A77747}.Release|Any CPU.Build.0 = Release|Any CPU
	EndGlobalSection
EndGlobal
